
Microsoft Visual Studio Solution File, Format Version 12.00
# Visual Studio Version 17
VisualStudioVersion = 17.0.32014.148
MinimumVisualStudioVersion = 10.0.40219.1
Project("{FAE04EC0-301F-11D3-BF4B-00C04F79EFBC}") = "ConsoleApp1", "ConsoleApp1.csproj", "{7A94487B-3C8A-4C2E-88A1-186625313AA7}"
EndProject
Global
	GlobalSection(SolutionConfigurationPlatforms) = preSolution
		Debug|Any CPU = Debug|Any CPU
		Release|Any CPU = Release|Any CPU
	EndGlobalSection
	GlobalSection(ProjectConfigurationPlatforms) = postSolution
		{7A94487B-3C8A-4C2E-88A1-186625313AA7}.Debug|Any CPU.ActiveCfg = Debug|Any CPU
		{7A94487B-3C8A-4C2E-88A1-186625313AA7}.Debug|Any CPU.Build.0 = Debug|Any CPU
		{7A94487B-3C8A-4C2E-88A1-186625313AA7}.Release|Any CPU.ActiveCfg = Release|Any CPU
		{7A94487B-3C8A-4C2E-88A1-186625313AA7}.Release|Any CPU.Build.0 = Release|Any CPU
	EndGlobalSection
	GlobalSection(SolutionProperties) = preSolution
		HideSolutionNode = FALSE
	EndGlobalSection
	GlobalSection(ExtensibilityGlobals) = postSolution
		SolutionGuid = {42E5CF41-4766-498D-81D6-508D3A16888D}
	EndGlobalSection
EndGlobal
